
Microsoft Visual Studio Solution File, Format Version 12.00
# Visual Studio Version 17
VisualStudioVersion = 17.6.33801.468
MinimumVisualStudioVersion = 10.0.40219.1
Project("{FAE04EC0-301F-11D3-BF4B-00C04F79EFBC}") = "MobileScoreBoard", "MobileScoreBoard\MobileScoreBoard.csproj", "{337ADB98-EBD2-44F0-82B2-62443A13FC19}"
EndProject
Global
	GlobalSection(SolutionConfigurationPlatforms) = preSolution
		Debug|Any CPU = Debug|Any CPU
		Release|Any CPU = Release|Any CPU
	EndGlobalSection
	GlobalSection(ProjectConfigurationPlatforms) = postSolution
		{337ADB98-EBD2-44F0-82B2-62443A13FC19}.Debug|Any CPU.ActiveCfg = Debug|Any CPU
		{337ADB98-EBD2-44F0-82B2-62443A13FC19}.Debug|Any CPU.Build.0 = Debug|Any CPU
		{337ADB98-EBD2-44F0-82B2-62443A13FC19}.Release|Any CPU.ActiveCfg = Release|Any CPU
		{337ADB98-EBD2-44F0-82B2-62443A13FC19}.Release|Any CPU.Build.0 = Release|Any CPU
	EndGlobalSection
	GlobalSection(SolutionProperties) = preSolution
		HideSolutionNode = FALSE
	EndGlobalSection
	GlobalSection(ExtensibilityGlobals) = postSolution
		SolutionGuid = {5D85D010-B8C1-4D62-AC50-5045D04C6C92}
	EndGlobalSection
EndGlobal
